
Microsoft Visual Studio Solution File, Format Version 12.00
# Visual Studio Version 17
VisualStudioVersion = 17.14.36310.24
MinimumVisualStudioVersion = 10.0.40219.1
Project("{FAE04EC0-301F-11D3-BF4B-00C04F79EFBC}") = "TodoApp", "TodoApp\TodoApp.csproj", "{52AE0BFD-D240-452B-9C28-4C25EE592EB2}"
EndProject
Project("{FAE04EC0-301F-11D3-BF4B-00C04F79EFBC}") = "TodoApp.Domain", "TodoApp.Domain\TodoApp.Domain.csproj", "{B1403079-7EAA-4FE9-8460-6A45AE0C77CC}"
EndProject
Project("{FAE04EC0-301F-11D3-BF4B-00C04F79EFBC}") = "TodoApp.Application", "TodoApp.Application\TodoApp.Application.csproj", "{BC8B6754-8283-4CC6-88BE-5189BC3CD430}"
EndProject
Project("{FAE04EC0-301F-11D3-BF4B-00C04F79EFBC}") = "TodoApp.Infrastructure", "TodoApp.Infrastructure\TodoApp.Infrastructure.csproj", "{EA6FC7EC-4F32-49EC-A258-F4B5ABEF64FB}"
EndProject
Project("{FAE04EC0-301F-11D3-BF4B-00C04F79EFBC}") = "tests", "TodoApp.Application.Tests\tests.csproj", "{EA23B417-6F22-164A-5B86-5A1CC08333F7}"
EndProject
Global
	GlobalSection(SolutionConfigurationPlatforms) = preSolution
		Debug|Any CPU = Debug|Any CPU
		Release|Any CPU = Release|Any CPU
	EndGlobalSection
	GlobalSection(ProjectConfigurationPlatforms) = postSolution
		{52AE0BFD-D240-452B-9C28-4C25EE592EB2}.Debug|Any CPU.ActiveCfg = Debug|Any CPU
		{52AE0BFD-D240-452B-9C28-4C25EE592EB2}.Debug|Any CPU.Build.0 = Debug|Any CPU
		{52AE0BFD-D240-452B-9C28-4C25EE592EB2}.Release|Any CPU.ActiveCfg = Release|Any CPU
		{52AE0BFD-D240-452B-9C28-4C25EE592EB2}.Release|Any CPU.Build.0 = Release|Any CPU
		{B1403079-7EAA-4FE9-8460-6A45AE0C77CC}.Debug|Any CPU.ActiveCfg = Debug|Any CPU
		{B1403079-7EAA-4FE9-8460-6A45AE0C77CC}.Debug|Any CPU.Build.0 = Debug|Any CPU
		{B1403079-7EAA-4FE9-8460-6A45AE0C77CC}.Release|Any CPU.ActiveCfg = Release|Any CPU
		{B1403079-7EAA-4FE9-8460-6A45AE0C77CC}.Release|Any CPU.Build.0 = Release|Any CPU
		{BC8B6754-8283-4CC6-88BE-5189BC3CD430}.Debug|Any CPU.ActiveCfg = Debug|Any CPU
		{BC8B6754-8283-4CC6-88BE-5189BC3CD430}.Debug|Any CPU.Build.0 = Debug|Any CPU
		{BC8B6754-8283-4CC6-88BE-5189BC3CD430}.Release|Any CPU.ActiveCfg = Release|Any CPU
		{BC8B6754-8283-4CC6-88BE-5189BC3CD430}.Release|Any CPU.Build.0 = Release|Any CPU
		{EA6FC7EC-4F32-49EC-A258-F4B5ABEF64FB}.Debug|Any CPU.ActiveCfg = Debug|Any CPU
		{EA6FC7EC-4F32-49EC-A258-F4B5ABEF64FB}.Debug|Any CPU.Build.0 = Debug|Any CPU
		{EA6FC7EC-4F32-49EC-A258-F4B5ABEF64FB}.Release|Any CPU.ActiveCfg = Release|Any CPU
		{EA6FC7EC-4F32-49EC-A258-F4B5ABEF64FB}.Release|Any CPU.Build.0 = Release|Any CPU
		{EA23B417-6F22-164A-5B86-5A1CC08333F7}.Debug|Any CPU.ActiveCfg = Debug|Any CPU
		{EA23B417-6F22-164A-5B86-5A1CC08333F7}.Debug|Any CPU.Build.0 = Debug|Any CPU
		{EA23B417-6F22-164A-5B86-5A1CC08333F7}.Release|Any CPU.ActiveCfg = Release|Any CPU
		{EA23B417-6F22-164A-5B86-5A1CC08333F7}.Release|Any CPU.Build.0 = Release|Any CPU
	EndGlobalSection
	GlobalSection(SolutionProperties) = preSolution
		HideSolutionNode = FALSE
	EndGlobalSection
	GlobalSection(ExtensibilityGlobals) = postSolution
		SolutionGuid = {1861B7E0-2218-4284-B2CB-D1F54AB7CC22}
	EndGlobalSection
EndGlobal
